{
    "_meta": {
        "hash": {
            "sha256": "94b7a9194d0ff5fd8c8836da78e6e0edd2794de463a021718a5e7ddcf4f192e5"
        },
        "pipfile-spec": 6,
        "requires": {
            "python_version": "3.12"
        },
        "sources": [
            {
                "name": "pypi",
                "url": "https://pypi.org/simple",
                "verify_ssl": true
            }
        ]
    },
    "default": {
        "blessed": {
            "hashes": [
                "sha256:f831e847396f5a2eac6c106f4dfadedf46c4f804733574b15fe86d2ed45a9588"
            ],
            "markers": "python_version >= '2.7'",
            "version": "==1.21.0"
        },
        "colorama": {
            "hashes": [
                "sha256:08695f5cb7ed6e0531a20572697297273c47b8cae5a63ffc6d6ed5c201be6e44",
                "sha256:4f1d9991f5acc0ca119f9d443620b77f9d6b33703e51011c16baf57afb285fc6"
            ],
            "index": "pypi",
            "markers": "python_version >= '2.7' and python_version not in '3.0, 3.1, 3.2, 3.3, 3.4, 3.5, 3.6'",
            "version": "==0.4.6"
        },
        "editor": {
            "hashes": [
                "sha256:bb6989e872638cd119db9a4fce284cd8e13c553886a1c044c6b8d8a160c871f8",
                "sha256:e818e6913f26c2a81eadef503a2741d7cca7f235d20e217274a009ecd5a74abf"
            ],
            "markers": "python_version >= '3.8'",
            "version": "==1.6.6"
        },
        "inquirer": {
            "hashes": [
                "sha256:8edc99c076386ee2d2204e5e3653c2488244e82cb197b2d498b3c1b5ffb25d0b",
                "sha256:bb0ec93c833e4ce7b51b98b1644b0a4d2bb39755c39787f6a504e4fee7a11b60"
            ],
            "index": "pypi",
            "markers": "python_full_version >= '3.8.1'",
            "version": "==3.4.0"
        },
        "pyjson5": {
            "hashes": [
                "sha256:00361a0aaabc3162992087d83bc067517c95c35810b631d9a40b80732003066e",
                "sha256:052ed8ee6b9d9631db66ca29799f9d37ee8c3ce77ca7b44d169495149eefd893",
                "sha256:06b857a5a36f2bad52267d1a57a880cd62c3b0d3f3a719ab8599a1d5465e2417",
                "sha256:0a2c476a829a5dc823fb381154be6532355588db1d13df9b2e524b022faf14d7",
                "sha256:0c75758dd26d233f6bea4c6479a933c5092b15b6dc706cf14dc94218089285a9",
                "sha256:0e39d7414ea02439bbd4f7d0c9fb2607a4cda1061eeee853bb046b2df39f0b26",
                "sha256:0fac0c9137785ceabd7ec48bfdd4b87eb11e186c495fd02c1a6e0e0af24a0979",
                "sha256:10688e75fd9f18e34dddd111cafd87cca6727837469b8bfb61f2d2685490f976",
                "sha256:1550dc70199401056f80acfc503da36de2df70dd4364a0efb654ffe7e9246ac6",
                "sha256:16aadc503f247428988cba0e71f83bbd426383ba4b3658b1ca68df80783bba73",
                "sha256:19636485a5799a33ee4e9d1eabc5097d25c16ae08be340ee5a2c9d548d33297d",
                "sha256:1abe62fa9cc8cad77a52979a17aa092fe55630c7dd5b37156e64f4fb278aebc9",
                "sha256:1aed6425a5645b74d93f99ec56e6412e843c252c40e647a8c7856c3e8e828819",
                "sha256:1fa2bcdfbeac1d3c1220b1fd53edc6db0fdb9e7f71410161d3a26a9f29580839",
                "sha256:1fa3b0a34920615c555958b7656e450fc682bdf61410814495b7947168ca529b",
                "sha256:208b8bf374c42f4ce7ca0a735da8ad508285f7c36268eab7ecb01e1e66fbb309",
                "sha256:24c6206f508c169034fd851eb87af3aec893d2eca3bf14df65eecc520da16883",
                "sha256:25ab666bd4a400a7060d6aa508d84674f8c2dd6c15ca04ccdf524aa02ae96fff",
                "sha256:260b6f2d7148f5fa23d817b82e9960a75a44678116d6a5513bed4e88d6697343",
                "sha256:2ae856525e4d178a05771c4c593c8ec5625480d916cd81e544f5abd9376e929c",
                "sha256:2b7f692b6454d78ddfca8450e294631299d8cb0ab80d90bffdac88da0803ad8d",
                "sha256:2bbfdeeb531f79730899ef674d80dd6b6bc7c29fe3789660115f0ba66eef834f",
                "sha256:2d682d4e0dfdeb76c950fa7dd61139b70b0309d3908ef6e7dd1a75e2ef166365",
                "sha256:2dea723f88e89dba1d4a6542c5527cac7ecff6755291ad2eb60e1c2f578bb69f",
                "sha256:32857cec9deb18fa4edb9dccf261066f7d5b2b4fadc901cbe99938d553ae5bfa",
                "sha256:339e0813957c9ca0950c30b72e366a00f48a233051cedb5e1a77c3004d95428a",
                "sha256:344bda09e56492ecb7b7180ef27fa3a6664105f4b27a77ac9933076eac3a2afd",
                "sha256:357e861d1dd0906d8233e2c18fc77ebda6eee3e2ca460fafc443c9df9eb0a5e7",
                "sha256:3948742ff2d2f222ab87cc77d8c6ce8a9ef063fe2904f8fa88309611a128147a",
                "sha256:3e8807fbb37eab3de4ebf2584e1b94677311a9adc17202ca36945f1d5976e747",
                "sha256:3fd513eaffba7b72d56bd5b26a92e2edb3694602adcaf3414a9f7d6c4c5d9be7",
                "sha256:3ff32694ff70d8ebe80c8989a670d6a42561b20cb3fff9b7db41b5b460e4fd4e",
                "sha256:404a227befcb3a18736869b89bb0269de102ce1f671bfd0b7deb8c23f345f71b",
                "sha256:40e840b4e7ec92b944ba03654b2f94b4509f6c77c4b5d74348830983ea711873",
                "sha256:46173d6d66ed1a9e3173f489132535a5387116d54954ac527e2244b067cc9296",
                "sha256:4958a06958e9f50cc5f60af76236b9ce256b4ab655e3d50d166e8598aafefe43",
                "sha256:4a58185b9ac3adfed0adf539be7293d76fe0f7c515b6f9982b225c8084027255",
                "sha256:4f057998f98de42644dac09c10e69c4e283724bde581e516c2e3ace6e4f5d248",
                "sha256:4fe4971ff95058bf25b9eb2928ee01b63ff89dff3625baeb1ba414b42f09017a",
                "sha256:515c89e7063100bcc7c67292559bdd926da19b59fe00281e9dd2fa83f30747f1",
                "sha256:51d8ef9626ceb75352fa0bc2a99c173de493c910e5b0de9dfeee2680c4eeafd4",
                "sha256:54b680e763acb81d67b98faa817c197451bdb44d53198aff32703d542c6465fe",
                "sha256:571534c8b64116b411a66ab50cb04e9c7f0b574cbfefacd5bc31f97d5395965a",
                "sha256:57b9bf670c8d524e213fac1065cd90b168d7c7e5fc9fbad7219a2de70b9d6761",
                "sha256:59c261624e93e2da0752b91234df1c222a1ef1cc1e5a708bb7661aee974920a8",
                "sha256:5a1391adcf78a52004d48a80fa82f950e8a0983b773a7bedfddcea8dfa442eb8",
                "sha256:5a379911161545aa57bd6cd97f249cabcfe5990688f4dff9a8f328f5f6f231d3",
                "sha256:5e7f5b92460dc69ce27814d4ab546e3bae84b9b2e26f29701ad7fab637e6bf2f",
                "sha256:628188b3882edac2a3171e52959348834bf166683ba2f0ed41086a6556523cd5",
                "sha256:65a8dc57f815dd935a5bf3006a58d00892b8d2d2168c4e3b382104a9fc762752",
                "sha256:65f2922cc8fd6b1e9cc8ff7e5fe975f7bf111c03eb06ed9b2ee793e6870d3212",
                "sha256:660f58321f3c8e06f62b83ffd9867e2721916e1c87b1a7e936314226cfc0803c",
                "sha256:671f9e68c54db7f894808ca9921d638fc92a2d7e6fcf67ac030c9ec6ff7add34",
                "sha256:681e52df0705056dc39cf7d7bec4161e2769437fdf89f55084a4b060e9bbbfc9",
                "sha256:6894bb4558dab2989f75cf816eb49020765015830a95ddd2a48c20c2d4fbc859",
                "sha256:6bda3c48c5eb1ac4daee5dd5204e38e6751f74ad23840a8d98f25582578a3852",
                "sha256:701db0660e434fae000e5d4d49efc0b80fbeedf938cbcc8b6d72c229d395feca",
                "sha256:7296e0d2e1b2a9fd63cdc95b5dc2c9cd8098a60449fc93e802d23855383b6ea4",
                "sha256:72fa22291149e8731c4bbc225cf75a41a049a54903018ca670c849658c1edc04",
                "sha256:7489387590db81b7acba0b0ca5703173689745bf3b98b8386b912e125bf92595",
                "sha256:748f2db601c8347acd27be01cb27e18c151a16c307f4951712c2e93f92fd91b3",
                "sha256:77005662014809a7b8b78f984131a3751295ff102f4c62b452bbdac946360166",
                "sha256:77f4724dcb646c2d40ad45d5aa7a5af86d54dc38c78e27b795418ecca23248bb",
                "sha256:78bd729b58d590e2c0892c6c33d555e93d16bf86e38c296ff0525278973ae4d2",
                "sha256:7a11d3cd6114de90364c24876f1cd47dcecaffb47184ffffb01eb585c8810f4b",
                "sha256:7c4de1cde04573cd220a042006d088b0d4a042b5270cb9e8ca0a3c16cfacf5e9",
                "sha256:7da4839a6a42fd4351bb7a9794651835fb7d8a55ced25c8781d31ccff15fec80",
                "sha256:85a5a88d23e9fe54f452ea751720a153c199923c44b0cb61dd4ff20e0b3decbd",
                "sha256:89eeb08b5e77f59ac9040bbd93be637a8ea829c06173316756e2e9026dcf2393",
                "sha256:8fe8ba077a6ef01e6493696c27455eeae64e39ff4bd71a1a7bb66af40be7232c",
                "sha256:94e1b9d219f40bebbb6285840b094eca523481cf199cd46154044dae333d492d",
                "sha256:95295503ee7fa7a9428425da22e88ae2513f8e353fd25b653c58248ab706e2e1",
                "sha256:962bd6a2e8c295d21713f4262b4d680f4ba5ae4194b1a37222440c75a8140ade",
                "sha256:970345b95004f12b5e7694b954c6c734497cfd52195e3cd36b8f44c81b858683",
                "sha256:9912aed5a76998867a27379b652883166051cd60522b643611a559a1021b7cf5",
                "sha256:9ae405a054886d544fbbd909f66dcfb5ae5a86a377c70d43799aa4691ac6e9ef",
                "sha256:9ee2f077cf05daa9aaf3c750b63cce5b5671cf8fa848b29beaf1030a08d94fda",
                "sha256:9f3e3c4ae939d478597e2c60c0fc7d4662c3ebeae7b11e05435a67d8b2d3e8a8",
                "sha256:a4577a18545f3f4461df46d3d38d85659b16a77ca8975289ef6f21e1c228f7bf",
                "sha256:a60abd461ff8776a01852cdbafc2b9016c4fbdcfb3a3c563745e5b31c074e227",
                "sha256:a7bd59c9000a413ffa794d5feebd54475dffd2c65a5b0fa11e18fa084caa4146",
                "sha256:a903d111e4f0cf383a6e09e2c1e85152a2aa9d25b364c813025f6a947a10db60",
                "sha256:ab07960def3b195e013d97d7ba66fc15109c3481c1f66abf6e4dd5b27d15a0da",
                "sha256:ade16f3c6fecced58f8274626fdc5c71fcf5f9ef6401d4a87b02a0c1b889ba86",
                "sha256:aebdd4c5a878f125fea8b192244b1e64532561a315725502eee8d7629598882f",
                "sha256:af3d0bdeecb19e9bbf62c70ba4ee54664c986ccaadea2a6edf7552f2c700d4d5",
                "sha256:b0cd98871646bfb2236cfdc0ae87f8ae8f1f631133b99fef5e74307248c4ae8d",
                "sha256:b302cadffc93c936a6e81f02e1dc526d5fe17e2aa82f4d6f3034223b178d9d50",
                "sha256:b3ecee050a8a4b03cc4f1a7e9a0c478be757b46578fda1ea0f16ac8a24ba8e7a",
                "sha256:b77c94296cd0763bc2d7d276cb53dbc97edeacfbc50c02103521d586ca91ff37",
                "sha256:b7f48ec8a4dd01a4eddff56f654b4ad40ae9fdfff24834aada830b92de884027",
                "sha256:b802b1231aa102f5e404ec52eabf2118863146ef6e002c76da7b9af58d68e9e1",
                "sha256:b945ab6795423eff3c129628a910dfae7ac9009e300471436d4d405de27dfd15",
                "sha256:bff832aebd269867deedae1b906b9b233ad909197debd747d28b4fbb509518e9",
                "sha256:c1c4313379c2faf9f7eaa9d3ecdf6bd19fec32c9b9b5b4ea18b63de4520dc8ce",
                "sha256:c2342007fcf4ed52260c2b7512ae3ec9694dbf72ec4990e43c69ab4d7646dc14",
                "sha256:c32d633aef62fd8faef22b8a1f90eedeb139b6900cc5abaf12d6bd69e11a62f6",
                "sha256:c64b0cdc979c8e5f328ea9e3c3c9ad26dd47c6b037abcd9a3d83a13624539c86",
                "sha256:c7e9cec9c9e9c2ad3561df2cebedbd4a7348b73ebb8a665ea99e3ce145beffbf",
                "sha256:cc414b6ab28ed75d761c825f1150c19dd9a8f9b2268ee6af0173d148f018a8c5",
                "sha256:cc81e47e99558b61e96b9feb4822e959d8260c5f3757681e375f42b57fe8550c",
                "sha256:d0a669c4f54721c938aae42320fe5cc93e77ed79eac8247e66abc624dd9fe4e4",
                "sha256:d27f71da8a9d5de12e1c2c7ea060b029778efc5c0611de6401c1c3142991038d",
                "sha256:d622733cf671c8104a2936b3ff589903fa4e2fec5db4e2679297219446d944a7",
                "sha256:d6eee32d88c810c4cfb53cc6762ef3ac3c70d5e7bd76648d93c5e0ee103d3526",
                "sha256:d7b4a4b36a8748011c7586d4bba3eb403d82bdb62605e7478f2c8b11c7e01711",
                "sha256:d83e0bc87d94baa39703c1d7139c5ce7ff025a53a34251762128713a294cf147",
                "sha256:d8d3229287ff78ead13493b0613566473d0f4298dd3c827f91242bab9184133c",
                "sha256:db7df506cf28addb35f508aa0ea19485a188de7708e2760f3cca29750773ad0a",
                "sha256:de914ea1dd7a49862e7395206bb8d92c65e60defb8eb4b86e3d24f973db5132f",
                "sha256:e3aee51ef5feb4409ff36713f70251265b04c18c8322bc91d2578759225e918d",
                "sha256:eebe950815df3d0206722c89ffc73f79fb11c202132d1ec08ebabb5d1f73433c",
                "sha256:f02e405ec6b8d6255b2e6fec05526e71d254fe1345e1d428a7aa397e42d75761",
                "sha256:f3bc501e35ac49b4df950d7e14e5a53a5618e2ba36c6364be0733cc65800c80a",
                "sha256:f5d9086a74246412e61a0263f81fdad4cac6ce89b03924a601ea115a7d803d52",
                "sha256:f7c5d5a7af14bbe064cec79ca180da7cbe079316ea56994fbe657d083e02cfa2",
                "sha256:f89dfaf06fccbefcbca50f6a435b70cd47a46612be17114cac8fb6f85e65d0b2",
                "sha256:f8d5a208b8954758c75f8e8ae28d195bac3fae24ce9b51f6261b401e4ccce116",
                "sha256:f984d06902b2096206d15bcbc6f0c75c024de295294ca04c8c11aedc871e2da0",
                "sha256:fa7b84f9dc01cac5ac2e25d25af56911dda8d8ba3d4217c768431ba39ce4248d",
                "sha256:fd074295f9771eba2fd68843ed28c58d9835012dc7ebd48687649d9d92da9ee7",
                "sha256:fd21ce9dd4733347b6a426f4f943dd20547befbd6ef502b7480944c84a1425a3",
                "sha256:fe03568ca61050f00c951501d70aaf68064ab5fecb3d84961ce743102cc81036"
            ],
            "index": "pypi",
            "markers": "python_version >= '3.7'",
            "version": "==1.6.8"
        },
        "readchar": {
            "hashes": [
                "sha256:91ce3faf07688de14d800592951e5575e9c7a3213738ed01d394dcc949b79adb",
                "sha256:a769305cd3994bb5fa2764aa4073452dc105a4ec39068ffe6efd3c20c60acc77"
            ],
            "markers": "python_version >= '3.8'",
            "version": "==4.2.1"
        },
        "runs": {
            "hashes": [
                "sha256:0980dcbc25aba1505f307ac4f0e9e92cbd0be2a15a1e983ee86c24c87b839dfd",
                "sha256:9dc1815e2895cfb3a48317b173b9f1eac9ba5549b36a847b5cc60c3bf82ecef1"
            ],
            "markers": "python_version >= '3.8'",
            "version": "==1.2.2"
        },
        "wcwidth": {
            "hashes": [
                "sha256:3da69048e4540d84af32131829ff948f1e022c1c6bdb8d6102117aac784f6859",
                "sha256:72ea0c06399eb286d978fdedb6923a9eb47e1c486ce63e9b4e64fc18303972b5"
            ],
            "version": "==0.2.13"
        },
        "xmod": {
            "hashes": [
                "sha256:38c76486b9d672c546d57d8035df0beb7f4a9b088bc3fb2de5431ae821444377",
                "sha256:a24e9458a4853489042522bdca9e50ee2eac5ab75c809a91150a8a7f40670d48"
            ],
            "markers": "python_version >= '3.8'",
            "version": "==1.8.1"
        }
    },
    "develop": {
        "astroid": {
            "hashes": [
                "sha256:0e14202810b30da1b735827f78f5157be2bbd4a7a59b7707ca0bfc2fb4c0063a",
                "sha256:413658a61eeca6202a59231abb473f932038fbcbf1666587f66d482083413a25"
            ],
            "markers": "python_full_version >= '3.8.0'",
            "version": "==3.2.4"
        },
        "black": {
            "hashes": [
                "sha256:09cdeb74d494ec023ded657f7092ba518e8cf78fa8386155e4a03fdcc44679e6",
                "sha256:1f13f7f386f86f8121d76599114bb8c17b69d962137fc70efe56137727c7047e",
                "sha256:2500945420b6784c38b9ee885af039f5e7471ef284ab03fa35ecdde4688cd83f",
                "sha256:2b59b250fdba5f9a9cd9d0ece6e6d993d91ce877d121d161e4698af3eb9c1018",
                "sha256:3c4285573d4897a7610054af5a890bde7c65cb466040c5f0c8b732812d7f0e5e",
                "sha256:505289f17ceda596658ae81b61ebbe2d9b25aa78067035184ed0a9d855d18afd",
                "sha256:62e8730977f0b77998029da7971fa896ceefa2c4c4933fcd593fa599ecbf97a4",
                "sha256:649f6d84ccbae73ab767e206772cc2d7a393a001070a4c814a546afd0d423aed",
                "sha256:6e55d30d44bed36593c3163b9bc63bf58b3b30e4611e4d88a0c3c239930ed5b2",
                "sha256:707a1ca89221bc8a1a64fb5e15ef39cd755633daa672a9db7498d1c19de66a42",
                "sha256:72901b4913cbac8972ad911dc4098d5753704d1f3c56e44ae8dce99eecb0e3af",
                "sha256:73bbf84ed136e45d451a260c6b73ed674652f90a2b3211d6a35e78054563a9bb",
                "sha256:7c046c1d1eeb7aea9335da62472481d3bbf3fd986e093cffd35f4385c94ae368",
                "sha256:81c6742da39f33b08e791da38410f32e27d632260e599df7245cccee2064afeb",
                "sha256:837fd281f1908d0076844bc2b801ad2d369c78c45cf800cad7b61686051041af",
                "sha256:972085c618ee94f402da1af548a4f218c754ea7e5dc70acb168bfaca4c2542ed",
                "sha256:9e84e33b37be070ba135176c123ae52a51f82306def9f7d063ee302ecab2cf47",
                "sha256:b19c9ad992c7883ad84c9b22aaa73562a16b819c1d8db7a1a1a49fb7ec13c7d2",
                "sha256:d6417535d99c37cee4091a2f24eb2b6d5ec42b144d50f1f2e436d9fe1916fe1a",
                "sha256:eab4dd44ce80dea27dc69db40dab62d4ca96112f87996bca68cd75639aeb2e4c",
                "sha256:f490dbd59680d809ca31efdae20e634f3fae27fba3ce0ba3208333b713bc3920",
                "sha256:fb6e2c0b86bbd43dee042e48059c9ad7830abd5c94b0bc518c0eeec57c3eddc1"
            ],
            "index": "pypi",
            "markers": "python_version >= '3.8'",
            "version": "==24.8.0"
        },
        "click": {
            "hashes": [
                "sha256:63c132bbbed01578a06712a2d1f497bb62d9c1c0d329b7903a866228027263b2",
                "sha256:ed53c9d8990d83c2a27deae68e4ee337473f6330c040a31d4225c9574d16096a"
            ],
            "markers": "python_version >= '3.7'",
            "version": "==8.1.8"
        },
        "dill": {
            "hashes": [
                "sha256:0633f1d2df477324f53a895b02c901fb961bdbf65a17122586ea7019292cbcf0",
                "sha256:44f54bf6412c2c8464c14e8243eb163690a9800dbe2c367330883b19c7561049"
            ],
            "markers": "python_version >= '3.11'",
            "version": "==0.4.0"
        },
        "iniconfig": {
            "hashes": [
                "sha256:3abbd2e30b36733fee78f9c7f7308f2d0050e88f0087fd25c2645f63c773e1c7",
                "sha256:9deba5723312380e77435581c6bf4935c94cbfab9b1ed33ef8d238ea168eb760"
            ],
            "markers": "python_version >= '3.8'",
            "version": "==2.1.0"
        },
        "isort": {
            "hashes": [
                "sha256:48fdfcb9face5d58a4f6dde2e72a1fb8dcaf8ab26f95ab49fab84c2ddefb0109",
                "sha256:8ca5e72a8d85860d5a3fa69b8745237f2939afe12dbf656afbcb47fe72d947a6"
            ],
            "markers": "python_full_version >= '3.8.0'",
            "version": "==5.13.2"
        },
        "mccabe": {
            "hashes": [
                "sha256:348e0240c33b60bbdf4e523192ef919f28cb2c3d7d5c7794f74009290f236325",
                "sha256:6c2d30ab6be0e4a46919781807b4f0d834ebdd6c6e3dca0bda5a15f863427b6e"
            ],
            "markers": "python_version >= '3.6'",
            "version": "==0.7.0"
        },
        "mypy": {
            "hashes": [
                "sha256:06d26c277962f3fb50e13044674aa10553981ae514288cb7d0a738f495550b36",
                "sha256:2ff93107f01968ed834f4256bc1fc4475e2fecf6c661260066a985b52741ddce",
                "sha256:36383a4fcbad95f2657642a07ba22ff797de26277158f1cc7bd234821468b1b6",
                "sha256:37c7fa6121c1cdfcaac97ce3d3b5588e847aa79b580c1e922bb5d5d2902df19b",
                "sha256:3a66169b92452f72117e2da3a576087025449018afc2d8e9bfe5ffab865709ca",
                "sha256:3f14cd3d386ac4d05c5a39a51b84387403dadbd936e17cb35882134d4f8f0d24",
                "sha256:41ea707d036a5307ac674ea172875f40c9d55c5394f888b168033177fce47383",
                "sha256:478db5f5036817fe45adb7332d927daa62417159d49783041338921dcf646fc7",
                "sha256:4a8a53bc3ffbd161b5b2a4fff2f0f1e23a33b0168f1c0778ec70e1a3d66deb86",
                "sha256:539c570477a96a4e6fb718b8d5c3e0c0eba1f485df13f86d2970c91f0673148d",
                "sha256:57555a7715c0a34421013144a33d280e73c08df70f3a18a552938587ce9274f4",
                "sha256:6e658bd2d20565ea86da7d91331b0eed6d2eee22dc031579e6297f3e12c758c8",
                "sha256:6e7184632d89d677973a14d00ae4d03214c8bc301ceefcdaf5c474866814c987",
                "sha256:75746e06d5fa1e91bfd5432448d00d34593b52e7e91a187d981d08d1f33d4385",
                "sha256:7f9993ad3e0ffdc95c2a14b66dee63729f021968bff8ad911867579c65d13a79",
                "sha256:801780c56d1cdb896eacd5619a83e427ce436d86a3bdf9112527f24a66618fef",
                "sha256:801ca29f43d5acce85f8e999b1e431fb479cb02d0e11deb7d2abb56bdaf24fd6",
                "sha256:969ea3ef09617aff826885a22ece0ddef69d95852cdad2f60c8bb06bf1f71f70",
                "sha256:a976775ab2256aadc6add633d44f100a2517d2388906ec4f13231fafbb0eccca",
                "sha256:af8d155170fcf87a2afb55b35dc1a0ac21df4431e7d96717621962e4b9192e70",
                "sha256:b499bc07dbdcd3de92b0a8b29fdf592c111276f6a12fe29c30f6c417dd546d12",
                "sha256:cd953f221ac1379050a8a646585a29574488974f79d8082cedef62744f0a0104",
                "sha256:d42a6dd818ffce7be66cce644f1dff482f1d97c53ca70908dff0b9ddc120b77a",
                "sha256:e8960dbbbf36906c5c0b7f4fbf2f0c7ffb20f4898e6a879fcf56a41a08b0d318",
                "sha256:edb91dded4df17eae4537668b23f0ff6baf3707683734b6a818d5b9d0c0c31a1",
                "sha256:ee23de8530d99b6db0573c4ef4bd8f39a2a6f9b60655bf7a1357e585a3486f2b",
                "sha256:f7821776e5c4286b6a13138cc935e2e9b6fde05e081bdebf5cdb2bb97c9df81d"
            ],
            "index": "pypi",
            "markers": "python_version >= '3.8'",
            "version": "==1.11.2"
        },
        "mypy-extensions": {
            "hashes": [
                "sha256:1be4cccdb0f2482337c4743e60421de3a356cd97508abadd57d47403e94f5505",
                "sha256:52e68efc3284861e772bbcd66823fde5ae21fd2fdb51c62a211403730b916558"
            ],
            "markers": "python_version >= '3.8'",
            "version": "==1.1.0"
        },
        "packaging": {
            "hashes": [
                "sha256:29572ef2b1f17581046b3a2227d5c611fb25ec70ca1ba8554b24b0e69331a484",
                "sha256:d443872c98d677bf60f6a1f2f8c1cb748e8fe762d2bf9d3148b5599295b0fc4f"
            ],
            "markers": "python_version >= '3.8'",
            "version": "==25.0"
        },
        "pathspec": {
            "hashes": [
                "sha256:a0d503e138a4c123b27490a4f7beda6a01c6f288df0e4a8b79c7eb0dc7b4cc08",
                "sha256:a482d51503a1ab33b1c67a6c3813a26953dbdc71c31dacaef9a838c4e29f5712"
            ],
            "markers": "python_version >= '3.8'",
            "version": "==0.12.1"
        },
        "platformdirs": {
            "hashes": [
                "sha256:a03875334331946f13c549dbd8f4bac7a13a50a895a0eb1e8c6a8ace80d40a94",
                "sha256:eb437d586b6a0986388f0d6f74aa0cde27b48d0e3d66843640bfb6bdcdb6e351"
            ],
            "markers": "python_version >= '3.9'",
            "version": "==4.3.7"
        },
        "pluggy": {
            "hashes": [
                "sha256:2cffa88e94fdc978c4c574f15f9e59b7f4201d439195c3715ca9e2486f1d0cf1",
                "sha256:44e1ad92c8ca002de6377e165f3e0f1be63266ab4d554740532335b9d75ea669"
            ],
            "markers": "python_version >= '3.8'",
            "version": "==1.5.0"
        },
        "pylint": {
            "hashes": [
                "sha256:02f4aedeac91be69fb3b4bea997ce580a4ac68ce58b89eaefeaf06749df73f4b",
                "sha256:1b7a721b575eaeaa7d39db076b6e7743c993ea44f57979127c517c6c572c803e"
            ],
            "index": "pypi",
            "markers": "python_full_version >= '3.8.0'",
            "version": "==3.2.7"
        },
        "pytest": {
            "hashes": [
                "sha256:70b98107bd648308a7952b06e6ca9a50bc660be218d53c257cc1fc94fda10181",
                "sha256:a6853c7375b2663155079443d2e45de913a911a11d669df02a50814944db57b2"
            ],
            "index": "pypi",
            "markers": "python_version >= '3.8'",
            "version": "==8.3.3"
        },
        "tomlkit": {
            "hashes": [
                "sha256:7a974427f6e119197f670fbbbeae7bef749a6c14e793db934baefc1b5f03efde",
                "sha256:fff5fe59a87295b278abd31bec92c15d9bc4a06885ab12bcea52c71119392e79"
            ],
            "markers": "python_version >= '3.8'",
            "version": "==0.13.2"
        },
        "types-colorama": {
            "hashes": [
                "sha256:6391de60ddc0db3f147e31ecb230006a6823e81e380862ffca1e4695c13a0b8e",
                "sha256:a28e7f98d17d2b14fb9565d32388e419f4108f557a7d939a66319969b2b99c7a"
            ],
            "index": "pypi",
            "markers": "python_version >= '3.8'",
            "version": "==0.4.15.20240311"
        },
        "typing-extensions": {
            "hashes": [
                "sha256:a439e7c04b49fec3e5d3e2beaa21755cadbbdc391694e28ccdd36ca4a1408f8c",
                "sha256:e6c81219bd689f51865d9e372991c540bda33a0379d5573cddb9a3a23f7caaef"
            ],
            "markers": "python_version >= '3.8'",
            "version": "==4.13.2"
        }
    }
}
